
Microsoft Visual Studio Solution File, Format Version 12.00
# Visual Studio Version 16
VisualStudioVersion = 16.0.29001.49
MinimumVisualStudioVersion = 10.0.40219.1
Project("{FAE04EC0-301F-11D3-BF4B-00C04F79EFBC}") = "InventoryManager", "InventoryManager\InventoryManager.csproj", "{1A035DA4-D6C3-4A97-9DF7-10C27017B8C2}"
EndProject
Project("{FAE04EC0-301F-11D3-BF4B-00C04F79EFBC}") = "InventoryManager2", "InventoryManager2\InventoryManager2.csproj", "{360D24A5-1722-4D52-8D2D-BDBF3C35CE88}"
EndProject
Global
	GlobalSection(SolutionConfigurationPlatforms) = preSolution
		Debug|Any CPU = Debug|Any CPU
		Release|Any CPU = Release|Any CPU
	EndGlobalSection
	GlobalSection(ProjectConfigurationPlatforms) = postSolution
		{1A035DA4-D6C3-4A97-9DF7-10C27017B8C2}.Debug|Any CPU.ActiveCfg = Debug|Any CPU
		{1A035DA4-D6C3-4A97-9DF7-10C27017B8C2}.Debug|Any CPU.Build.0 = Debug|Any CPU
		{1A035DA4-D6C3-4A97-9DF7-10C27017B8C2}.Release|Any CPU.ActiveCfg = Release|Any CPU
		{1A035DA4-D6C3-4A97-9DF7-10C27017B8C2}.Release|Any CPU.Build.0 = Release|Any CPU
		{360D24A5-1722-4D52-8D2D-BDBF3C35CE88}.Debug|Any CPU.ActiveCfg = Debug|Any CPU
		{360D24A5-1722-4D52-8D2D-BDBF3C35CE88}.Debug|Any CPU.Build.0 = Debug|Any CPU
		{360D24A5-1722-4D52-8D2D-BDBF3C35CE88}.Release|Any CPU.ActiveCfg = Release|Any CPU
		{360D24A5-1722-4D52-8D2D-BDBF3C35CE88}.Release|Any CPU.Build.0 = Release|Any CPU
	EndGlobalSection
	GlobalSection(SolutionProperties) = preSolution
		HideSolutionNode = FALSE
	EndGlobalSection
	GlobalSection(ExtensibilityGlobals) = postSolution
		SolutionGuid = {D3E0235D-E577-41C0-9FFF-4A7D2AC86184}
	EndGlobalSection
EndGlobal
